// !$*UTF8*$!
{
	archiveVersion = 1;
	classes = {
	};
	objectVersion = 50;
	objects = {

/* Begin PBXBuildFile section */
		BF55742623E49F43007959B2 /* AppDelegate.swift in Sources */ = {isa = PBXBuildFile; fileRef = BF55742523E49F43007959B2 /* AppDelegate.swift */; };
		BF55742823E49F43007959B2 /* SceneDelegate.swift in Sources */ = {isa = PBXBuildFile; fileRef = BF55742723E49F43007959B2 /* SceneDelegate.swift */; };
		BF55742A23E49F43007959B2 /* FormListViewController.swift in Sources */ = {isa = PBXBuildFile; fileRef = BF55742923E49F43007959B2 /* FormListViewController.swift */; };
		BF55742D23E49F43007959B2 /* Main.storyboard in Resources */ = {isa = PBXBuildFile; fileRef = BF55742B23E49F43007959B2 /* Main.storyboard */; };
		BF55743023E49F43007959B2 /* Forms_CoreData_Demo.xcdatamodeld in Sources */ = {isa = PBXBuildFile; fileRef = BF55742E23E49F43007959B2 /* Forms_CoreData_Demo.xcdatamodeld */; };
		BF55743223E49F49007959B2 /* Assets.xcassets in Resources */ = {isa = PBXBuildFile; fileRef = BF55743123E49F49007959B2 /* Assets.xcassets */; };
		BF55743523E49F49007959B2 /* LaunchScreen.storyboard in Resources */ = {isa = PBXBuildFile; fileRef = BF55743323E49F49007959B2 /* LaunchScreen.storyboard */; };
		BF55744023E49F4A007959B2 /* Forms_CoreData_DemoTests.swift in Sources */ = {isa = PBXBuildFile; fileRef = BF55743F23E49F4A007959B2 /* Forms_CoreData_DemoTests.swift */; };
		BF55744B23E49F4A007959B2 /* Forms_CoreData_DemoUITests.swift in Sources */ = {isa = PBXBuildFile; fileRef = BF55744A23E49F4A007959B2 /* Forms_CoreData_DemoUITests.swift */; };
		BF55745A23E4A0C6007959B2 /* NewFormViewController.swift in Sources */ = {isa = PBXBuildFile; fileRef = BF55745923E4A0C6007959B2 /* NewFormViewController.swift */; };
		BF55745C23E4A0DD007959B2 /* FormListViewModel.swift in Sources */ = {isa = PBXBuildFile; fileRef = BF55745B23E4A0DD007959B2 /* FormListViewModel.swift */; };
		BF55745F23E4A0FA007959B2 /* NewFormViewModel.swift in Sources */ = {isa = PBXBuildFile; fileRef = BF55745E23E4A0FA007959B2 /* NewFormViewModel.swift */; };
		BF55746223E4A11D007959B2 /* FormData.swift in Sources */ = {isa = PBXBuildFile; fileRef = BF55746123E4A11D007959B2 /* FormData.swift */; };
		BF55746523E4A1B7007959B2 /* StorageService.swift in Sources */ = {isa = PBXBuildFile; fileRef = BF55746423E4A1B7007959B2 /* StorageService.swift */; };
		BF55746823E4A23A007959B2 /* FormDataTableViewCell.swift in Sources */ = {isa = PBXBuildFile; fileRef = BF55746723E4A23A007959B2 /* FormDataTableViewCell.swift */; };
/* End PBXBuildFile section */

/* Begin PBXContainerItemProxy section */
		BF55743C23E49F4A007959B2 /* PBXContainerItemProxy */ = {
			isa = PBXContainerItemProxy;
			containerPortal = BF55741A23E49F43007959B2 /* Project object */;
			proxyType = 1;
			remoteGlobalIDString = BF55742123E49F43007959B2;
			remoteInfo = "Forms-CoreData-Demo";
		};
		BF55744723E49F4A007959B2 /* PBXContainerItemProxy */ = {
			isa = PBXContainerItemProxy;
			containerPortal = BF55741A23E49F43007959B2 /* Project object */;
			proxyType = 1;
			remoteGlobalIDString = BF55742123E49F43007959B2;
			remoteInfo = "Forms-CoreData-Demo";
		};
/* End PBXContainerItemProxy section */

/* Begin PBXFileReference section */
		BF55742223E49F43007959B2 /* Forms-CoreData-Demo.app */ = {isa = PBXFileReference; explicitFileType = wrapper.application; includeInIndex = 0; path = "Forms-CoreData-Demo.app"; sourceTree = BUILT_PRODUCTS_DIR; };
		BF55742523E49F43007959B2 /* AppDelegate.swift */ = {isa = PBXFileReference; lastKnownFileType = sourcecode.swift; path = AppDelegate.swift; sourceTree = "<group>"; };
		BF55742723E49F43007959B2 /* SceneDelegate.swift */ = {isa = PBXFileReference; lastKnownFileType = sourcecode.swift; path = SceneDelegate.swift; sourceTree = "<group>"; };
		BF55742923E49F43007959B2 /* FormListViewController.swift */ = {isa = PBXFileReference; lastKnownFileType = sourcecode.swift; path = FormListViewController.swift; sourceTree = "<group>"; };
		BF55742C23E49F43007959B2 /* Base */ = {isa = PBXFileReference; lastKnownFileType = file.storyboard; name = Base; path = Base.lproj/Main.storyboard; sourceTree = "<group>"; };
		BF55742F23E49F43007959B2 /* Forms_CoreData_Demo.xcdatamodel */ = {isa = PBXFileReference; lastKnownFileType = wrapper.xcdatamodel; path = Forms_CoreData_Demo.xcdatamodel; sourceTree = "<group>"; };
		BF55743123E49F49007959B2 /* Assets.xcassets */ = {isa = PBXFileReference; lastKnownFileType = folder.assetcatalog; path = Assets.xcassets; sourceTree = "<group>"; };
		BF55743423E49F49007959B2 /* Base */ = {isa = PBXFileReference; lastKnownFileType = file.storyboard; name = Base; path = Base.lproj/LaunchScreen.storyboard; sourceTree = "<group>"; };
		BF55743623E49F49007959B2 /* Info.plist */ = {isa = PBXFileReference; lastKnownFileType = text.plist.xml; path = Info.plist; sourceTree = "<group>"; };
		BF55743B23E49F4A007959B2 /* Forms-CoreData-DemoTests.xctest */ = {isa = PBXFileReference; explicitFileType = wrapper.cfbundle; includeInIndex = 0; path = "Forms-CoreData-DemoTests.xctest"; sourceTree = BUILT_PRODUCTS_DIR; };
		BF55743F23E49F4A007959B2 /* Forms_CoreData_DemoTests.swift */ = {isa = PBXFileReference; lastKnownFileType = sourcecode.swift; path = Forms_CoreData_DemoTests.swift; sourceTree = "<group>"; };
		BF55744123E49F4A007959B2 /* Info.plist */ = {isa = PBXFileReference; lastKnownFileType = text.plist.xml; path = Info.plist; sourceTree = "<group>"; };
		BF55744623E49F4A007959B2 /* Forms-CoreData-DemoUITests.xctest */ = {isa = PBXFileReference; explicitFileType = wrapper.cfbundle; includeInIndex = 0; path = "Forms-CoreData-DemoUITests.xctest"; sourceTree = BUILT_PRODUCTS_DIR; };
		BF55744A23E49F4A007959B2 /* Forms_CoreData_DemoUITests.swift */ = {isa = PBXFileReference; lastKnownFileType = sourcecode.swift; path = Forms_CoreData_DemoUITests.swift; sourceTree = "<group>"; };
		BF55744C23E49F4A007959B2 /* Info.plist */ = {isa = PBXFileReference; lastKnownFileType = text.plist.xml; path = Info.plist; sourceTree = "<group>"; };
		BF55745923E4A0C6007959B2 /* NewFormViewController.swift */ = {isa = PBXFileReference; lastKnownFileType = sourcecode.swift; path = NewFormViewController.swift; sourceTree = "<group>"; };
		BF55745B23E4A0DD007959B2 /* FormListViewModel.swift */ = {isa = PBXFileReference; lastKnownFileType = sourcecode.swift; path = FormListViewModel.swift; sourceTree = "<group>"; };
		BF55745E23E4A0FA007959B2 /* NewFormViewModel.swift */ = {isa = PBXFileReference; lastKnownFileType = sourcecode.swift; path = NewFormViewModel.swift; sourceTree = "<group>"; };
		BF55746123E4A11D007959B2 /* FormData.swift */ = {isa = PBXFileReference; lastKnownFileType = sourcecode.swift; path = FormData.swift; sourceTree = "<group>"; };
		BF55746423E4A1B7007959B2 /* StorageService.swift */ = {isa = PBXFileReference; lastKnownFileType = sourcecode.swift; path = StorageService.swift; sourceTree = "<group>"; };
		BF55746723E4A23A007959B2 /* FormDataTableViewCell.swift */ = {isa = PBXFileReference; lastKnownFileType = sourcecode.swift; path = FormDataTableViewCell.swift; sourceTree = "<group>"; };
/* End PBXFileReference section */

/* Begin PBXFrameworksBuildPhase section */
		BF55741F23E49F43007959B2 /* Frameworks */ = {
			isa = PBXFrameworksBuildPhase;
			buildActionMask = 2147483647;
			files = (
			);
			runOnlyForDeploymentPostprocessing = 0;
		};
		BF55743823E49F4A007959B2 /* Frameworks */ = {
			isa = PBXFrameworksBuildPhase;
			buildActionMask = 2147483647;
			files = (
			);
			runOnlyForDeploymentPostprocessing = 0;
		};
		BF55744323E49F4A007959B2 /* Frameworks */ = {
			isa = PBXFrameworksBuildPhase;
			buildActionMask = 2147483647;
			files = (
			);
			runOnlyForDeploymentPostprocessing = 0;
		};
/* End PBXFrameworksBuildPhase section */

/* Begin PBXGroup section */
		BF55741923E49F43007959B2 = {
			isa = PBXGroup;
			children = (
				BF55742423E49F43007959B2 /* Forms-CoreData-Demo */,
				BF55743E23E49F4A007959B2 /* Forms-CoreData-DemoTests */,
				BF55744923E49F4A007959B2 /* Forms-CoreData-DemoUITests */,
				BF55742323E49F43007959B2 /* Products */,
			);
			sourceTree = "<group>";
		};
		BF55742323E49F43007959B2 /* Products */ = {
			isa = PBXGroup;
			children = (
				BF55742223E49F43007959B2 /* Forms-CoreData-Demo.app */,
				BF55743B23E49F4A007959B2 /* Forms-CoreData-DemoTests.xctest */,
				BF55744623E49F4A007959B2 /* Forms-CoreData-DemoUITests.xctest */,
			);
			name = Products;
			sourceTree = "<group>";
		};
		BF55742423E49F43007959B2 /* Forms-CoreData-Demo */ = {
			isa = PBXGroup;
			children = (
				BF55746323E4A1A4007959B2 /* Utility */,
				BF55746023E4A109007959B2 /* Model */,
				BF55745D23E4A0E2007959B2 /* ViewModel */,
				BF55745823E4A09F007959B2 /* View */,
				BF55742523E49F43007959B2 /* AppDelegate.swift */,
				BF55742723E49F43007959B2 /* SceneDelegate.swift */,
				BF55742B23E49F43007959B2 /* Main.storyboard */,
				BF55743123E49F49007959B2 /* Assets.xcassets */,
				BF55743323E49F49007959B2 /* LaunchScreen.storyboard */,
				BF55743623E49F49007959B2 /* Info.plist */,
				BF55742E23E49F43007959B2 /* Forms_CoreData_Demo.xcdatamodeld */,
			);
			path = "Forms-CoreData-Demo";
			sourceTree = "<group>";
		};
		BF55743E23E49F4A007959B2 /* Forms-CoreData-DemoTests */ = {
			isa = PBXGroup;
			children = (
				BF55743F23E49F4A007959B2 /* Forms_CoreData_DemoTests.swift */,
				BF55744123E49F4A007959B2 /* Info.plist */,
			);
			path = "Forms-CoreData-DemoTests";
			sourceTree = "<group>";
		};
		BF55744923E49F4A007959B2 /* Forms-CoreData-DemoUITests */ = {
			isa = PBXGroup;
			children = (
				BF55744A23E49F4A007959B2 /* Forms_CoreData_DemoUITests.swift */,
				BF55744C23E49F4A007959B2 /* Info.plist */,
			);
			path = "Forms-CoreData-DemoUITests";
			sourceTree = "<group>";
		};
		BF55745823E4A09F007959B2 /* View */ = {
			isa = PBXGroup;
			children = (
				BF55746623E4A203007959B2 /* TableViewCell */,
				BF55742923E49F43007959B2 /* FormListViewController.swift */,
				BF55745923E4A0C6007959B2 /* NewFormViewController.swift */,
			);
			path = View;
			sourceTree = "<group>";
		};
		BF55745D23E4A0E2007959B2 /* ViewModel */ = {
			isa = PBXGroup;
			children = (
				BF55745B23E4A0DD007959B2 /* FormListViewModel.swift */,
				BF55745E23E4A0FA007959B2 /* NewFormViewModel.swift */,
			);
			path = ViewModel;
			sourceTree = "<group>";
		};
		BF55746023E4A109007959B2 /* Model */ = {
			isa = PBXGroup;
			children = (
				BF55746123E4A11D007959B2 /* FormData.swift */,
			);
			path = Model;
			sourceTree = "<group>";
		};
		BF55746323E4A1A4007959B2 /* Utility */ = {
			isa = PBXGroup;
			children = (
				BF55746423E4A1B7007959B2 /* StorageService.swift */,
			);
			path = Utility;
			sourceTree = "<group>";
		};
		BF55746623E4A203007959B2 /* TableViewCell */ = {
			isa = PBXGroup;
			children = (
				BF55746723E4A23A007959B2 /* FormDataTableViewCell.swift */,
			);
			path = TableViewCell;
			sourceTree = "<group>";
		};
/* End PBXGroup section */

/* Begin PBXNativeTarget section */
		BF55742123E49F43007959B2 /* Forms-CoreData-Demo */ = {
			isa = PBXNativeTarget;
			buildConfigurationList = BF55744F23E49F4A007959B2 /* Build configuration list for PBXNativeTarget "Forms-CoreData-Demo" */;
			buildPhases = (
				BF55741E23E49F43007959B2 /* Sources */,
				BF55741F23E49F43007959B2 /* Frameworks */,
				BF55742023E49F43007959B2 /* Resources */,
			);
			buildRules = (
			);
			dependencies = (
			);
			name = "Forms-CoreData-Demo";
			productName = "Forms-CoreData-Demo";
			productReference = BF55742223E49F43007959B2 /* Forms-CoreData-Demo.app */;
			productType = "com.apple.product-type.application";
		};
		BF55743A23E49F4A007959B2 /* Forms-CoreData-DemoTests */ = {
			isa = PBXNativeTarget;
			buildConfigurationList = BF55745223E49F4A007959B2 /* Build configuration list for PBXNativeTarget "Forms-CoreData-DemoTests" */;
			buildPhases = (
				BF55743723E49F4A007959B2 /* Sources */,
				BF55743823E49F4A007959B2 /* Frameworks */,
				BF55743923E49F4A007959B2 /* Resources */,
			);
			buildRules = (
			);
			dependencies = (
				BF55743D23E49F4A007959B2 /* PBXTargetDependency */,
			);
			name = "Forms-CoreData-DemoTests";
			productName = "Forms-CoreData-DemoTests";
			productReference = BF55743B23E49F4A007959B2 /* Forms-CoreData-DemoTests.xctest */;
			productType = "com.apple.product-type.bundle.unit-test";
		};
		BF55744523E49F4A007959B2 /* Forms-CoreData-DemoUITests */ = {
			isa = PBXNativeTarget;
			buildConfigurationList = BF55745523E49F4A007959B2 /* Build configuration list for PBXNativeTarget "Forms-CoreData-DemoUITests" */;
			buildPhases = (
				BF55744223E49F4A007959B2 /* Sources */,
				BF55744323E49F4A007959B2 /* Frameworks */,
				BF55744423E49F4A007959B2 /* Resources */,
			);
			buildRules = (
			);
			dependencies = (
				BF55744823E49F4A007959B2 /* PBXTargetDependency */,
			);
			name = "Forms-CoreData-DemoUITests";
			productName = "Forms-CoreData-DemoUITests";
			productReference = BF55744623E49F4A007959B2 /* Forms-CoreData-DemoUITests.xctest */;
			productType = "com.apple.product-type.bundle.ui-testing";
		};
/* End PBXNativeTarget section */

/* Begin PBXProject section */
		BF55741A23E49F43007959B2 /* Project object */ = {
			isa = PBXProject;
			attributes = {
				LastSwiftUpdateCheck = 1130;
				LastUpgradeCheck = 1130;
				ORGANIZATIONNAME = "Pankaj Gaikar";
				TargetAttributes = {
					BF55742123E49F43007959B2 = {
						CreatedOnToolsVersion = 11.3;
					};
					BF55743A23E49F4A007959B2 = {
						CreatedOnToolsVersion = 11.3;
						TestTargetID = BF55742123E49F43007959B2;
					};
					BF55744523E49F4A007959B2 = {
						CreatedOnToolsVersion = 11.3;
						TestTargetID = BF55742123E49F43007959B2;
					};
				};
			};
			buildConfigurationList = BF55741D23E49F43007959B2 /* Build configuration list for PBXProject "Forms-CoreData-Demo" */;
			compatibilityVersion = "Xcode 9.3";
			developmentRegion = en;
			hasScannedForEncodings = 0;
			knownRegions = (
				en,
				Base,
			);
			mainGroup = BF55741923E49F43007959B2;
			productRefGroup = BF55742323E49F43007959B2 /* Products */;
			projectDirPath = "";
			projectRoot = "";
			targets = (
				BF55742123E49F43007959B2 /* Forms-CoreData-Demo */,
				BF55743A23E49F4A007959B2 /* Forms-CoreData-DemoTests */,
				BF55744523E49F4A007959B2 /* Forms-CoreData-DemoUITests */,
			);
		};
/* End PBXProject section */

/* Begin PBXResourcesBuildPhase section */
		BF55742023E49F43007959B2 /* Resources */ = {
			isa = PBXResourcesBuildPhase;
			buildActionMask = 2147483647;
			files = (
				BF55743523E49F49007959B2 /* LaunchScreen.storyboard in Resources */,
				BF55743223E49F49007959B2 /* Assets.xcassets in Resources */,
				BF55742D23E49F43007959B2 /* Main.storyboard in Resources */,
			);
			runOnlyForDeploymentPostprocessing = 0;
		};
		BF55743923E49F4A007959B2 /* Resources */ = {
			isa = PBXResourcesBuildPhase;
			buildActionMask = 2147483647;
			files = (
			);
			runOnlyForDeploymentPostprocessing = 0;
		};
		BF55744423E49F4A007959B2 /* Resources */ = {
			isa = PBXResourcesBuildPhase;
			buildActionMask = 2147483647;
			files = (
			);
			runOnlyForDeploymentPostprocessing = 0;
		};
/* End PBXResourcesBuildPhase section */

/* Begin PBXSourcesBuildPhase section */
		BF55741E23E49F43007959B2 /* Sources */ = {
			isa = PBXSourcesBuildPhase;
			buildActionMask = 2147483647;
			files = (
				BF55742A23E49F43007959B2 /* FormListViewController.swift in Sources */,
				BF55745F23E4A0FA007959B2 /* NewFormViewModel.swift in Sources */,
				BF55742623E49F43007959B2 /* AppDelegate.swift in Sources */,
				BF55746823E4A23A007959B2 /* FormDataTableViewCell.swift in Sources */,
				BF55745C23E4A0DD007959B2 /* FormListViewModel.swift in Sources */,
				BF55743023E49F43007959B2 /* Forms_CoreData_Demo.xcdatamodeld in Sources */,
				BF55742823E49F43007959B2 /* SceneDelegate.swift in Sources */,
				BF55745A23E4A0C6007959B2 /* NewFormViewController.swift in Sources */,
				BF55746523E4A1B7007959B2 /* StorageService.swift in Sources */,
				BF55746223E4A11D007959B2 /* FormData.swift in Sources */,
			);
			runOnlyForDeploymentPostprocessing = 0;
		};
		BF55743723E49F4A007959B2 /* Sources */ = {
			isa = PBXSourcesBuildPhase;
			buildActionMask = 2147483647;
			files = (
				BF55744023E49F4A007959B2 /* Forms_CoreData_DemoTests.swift in Sources */,
			);
			runOnlyForDeploymentPostprocessing = 0;
		};
		BF55744223E49F4A007959B2 /* Sources */ = {
			isa = PBXSourcesBuildPhase;
			buildActionMask = 2147483647;
			files = (
				BF55744B23E49F4A007959B2 /* Forms_CoreData_DemoUITests.swift in Sources */,
			);
			runOnlyForDeploymentPostprocessing = 0;
		};
/* End PBXSourcesBuildPhase section */

/* Begin PBXTargetDependency section */
		BF55743D23E49F4A007959B2 /* PBXTargetDependency */ = {
			isa = PBXTargetDependency;
			target = BF55742123E49F43007959B2 /* Forms-CoreData-Demo */;
			targetProxy = BF55743C23E49F4A007959B2 /* PBXContainerItemProxy */;
		};
		BF55744823E49F4A007959B2 /* PBXTargetDependency */ = {
			isa = PBXTargetDependency;
			target = BF55742123E49F43007959B2 /* Forms-CoreData-Demo */;
			targetProxy = BF55744723E49F4A007959B2 /* PBXContainerItemProxy */;
		};
/* End PBXTargetDependency section */

/* Begin PBXVariantGroup section */
		BF55742B23E49F43007959B2 /* Main.storyboard */ = {
			isa = PBXVariantGroup;
			children = (
				BF55742C23E49F43007959B2 /* Base */,
			);
			name = Main.storyboard;
			sourceTree = "<group>";
		};
		BF55743323E49F49007959B2 /* LaunchScreen.storyboard */ = {
			isa = PBXVariantGroup;
			children = (
				BF55743423E49F49007959B2 /* Base */,
			);
			name = LaunchScreen.storyboard;
			sourceTree = "<group>";
		};
/* End PBXVariantGroup section */

/* Begin XCBuildConfiguration section */
		BF55744D23E49F4A007959B2 /* Debug */ = {
			isa = XCBuildConfiguration;
			buildSettings = {
				ALWAYS_SEARCH_USER_PATHS = NO;
				CLANG_ANALYZER_NONNULL = YES;
				CLANG_ANALYZER_NUMBER_OBJECT_CONVERSION = YES_AGGRESSIVE;
				CLANG_CXX_LANGUAGE_STANDARD = "gnu++14";
				CLANG_CXX_LIBRARY = "libc++";
				CLANG_ENABLE_MODULES = YES;
				CLANG_ENABLE_OBJC_ARC = YES;
				CLANG_ENABLE_OBJC_WEAK = YES;
				CLANG_WARN_BLOCK_CAPTURE_AUTORELEASING = YES;
				CLANG_WARN_BOOL_CONVERSION = YES;
				CLANG_WARN_COMMA = YES;
				CLANG_WARN_CONSTANT_CONVERSION = YES;
				CLANG_WARN_DEPRECATED_OBJC_IMPLEMENTATIONS = YES;
				CLANG_WARN_DIRECT_OBJC_ISA_USAGE = YES_ERROR;
				CLANG_WARN_DOCUMENTATION_COMMENTS = YES;
				CLANG_WARN_EMPTY_BODY = YES;
				CLANG_WARN_ENUM_CONVERSION = YES;
				CLANG_WARN_INFINITE_RECURSION = YES;
				CLANG_WARN_INT_CONVERSION = YES;
				CLANG_WARN_NON_LITERAL_NULL_CONVERSION = YES;
				CLANG_WARN_OBJC_IMPLICIT_RETAIN_SELF = YES;
				CLANG_WARN_OBJC_LITERAL_CONVERSION = YES;
				CLANG_WARN_OBJC_ROOT_CLASS = YES_ERROR;
				CLANG_WARN_RANGE_LOOP_ANALYSIS = YES;
				CLANG_WARN_STRICT_PROTOTYPES = YES;
				CLANG_WARN_SUSPICIOUS_MOVE = YES;
				CLANG_WARN_UNGUARDED_AVAILABILITY = YES_AGGRESSIVE;
				CLANG_WARN_UNREACHABLE_CODE = YES;
				CLANG_WARN__DUPLICATE_METHOD_MATCH = YES;
				COPY_PHASE_STRIP = NO;
				DEBUG_INFORMATION_FORMAT = dwarf;
				ENABLE_STRICT_OBJC_MSGSEND = YES;
				ENABLE_TESTABILITY = YES;
				GCC_C_LANGUAGE_STANDARD = gnu11;
				GCC_DYNAMIC_NO_PIC = NO;
				GCC_NO_COMMON_BLOCKS = YES;
				GCC_OPTIMIZATION_LEVEL = 0;
				GCC_PREPROCESSOR_DEFINITIONS = (
					"DEBUG=1",
					"$(inherited)",
				);
				GCC_WARN_64_TO_32_BIT_CONVERSION = YES;
				GCC_WARN_ABOUT_RETURN_TYPE = YES_ERROR;
				GCC_WARN_UNDECLARED_SELECTOR = YES;
				GCC_WARN_UNINITIALIZED_AUTOS = YES_AGGRESSIVE;
				GCC_WARN_UNUSED_FUNCTION = YES;
				GCC_WARN_UNUSED_VARIABLE = YES;
				IPHONEOS_DEPLOYMENT_TARGET = 13.2;
				MTL_ENABLE_DEBUG_INFO = INCLUDE_SOURCE;
				MTL_FAST_MATH = YES;
				ONLY_ACTIVE_ARCH = YES;
				SDKROOT = iphoneos;
				SWIFT_ACTIVE_COMPILATION_CONDITIONS = DEBUG;
				SWIFT_OPTIMIZATION_LEVEL = "-Onone";
			};
			name = Debug;
		};
		BF55744E23E49F4A007959B2 /* Release */ = {
			isa = XCBuildConfiguration;
			buildSettings = {
				ALWAYS_SEARCH_USER_PATHS = NO;
				CLANG_ANALYZER_NONNULL = YES;
				CLANG_ANALYZER_NUMBER_OBJECT_CONVERSION = YES_AGGRESSIVE;
				CLANG_CXX_LANGUAGE_STANDARD = "gnu++14";
				CLANG_CXX_LIBRARY = "libc++";
				CLANG_ENABLE_MODULES = YES;
				CLANG_ENABLE_OBJC_ARC = YES;
				CLANG_ENABLE_OBJC_WEAK = YES;
				CLANG_WARN_BLOCK_CAPTURE_AUTORELEASING = YES;
				CLANG_WARN_BOOL_CONVERSION = YES;
				CLANG_WARN_COMMA = YES;
				CLANG_WARN_CONSTANT_CONVERSION = YES;
				CLANG_WARN_DEPRECATED_OBJC_IMPLEMENTATIONS = YES;
				CLANG_WARN_DIRECT_OBJC_ISA_USAGE = YES_ERROR;
				CLANG_WARN_DOCUMENTATION_COMMENTS = YES;
				CLANG_WARN_EMPTY_BODY = YES;
				CLANG_WARN_ENUM_CONVERSION = YES;
				CLANG_WARN_INFINITE_RECURSION = YES;
				CLANG_WARN_INT_CONVERSION = YES;
				CLANG_WARN_NON_LITERAL_NULL_CONVERSION = YES;
				CLANG_WARN_OBJC_IMPLICIT_RETAIN_SELF = YES;
				CLANG_WARN_OBJC_LITERAL_CONVERSION = YES;
				CLANG_WARN_OBJC_ROOT_CLASS = YES_ERROR;
				CLANG_WARN_RANGE_LOOP_ANALYSIS = YES;
				CLANG_WARN_STRICT_PROTOTYPES = YES;
				CLANG_WARN_SUSPICIOUS_MOVE = YES;
				CLANG_WARN_UNGUARDED_AVAILABILITY = YES_AGGRESSIVE;
				CLANG_WARN_UNREACHABLE_CODE = YES;
				CLANG_WARN__DUPLICATE_METHOD_MATCH = YES;
				COPY_PHASE_STRIP = NO;
				DEBUG_INFORMATION_FORMAT = "dwarf-with-dsym";
				ENABLE_NS_ASSERTIONS = NO;
				ENABLE_STRICT_OBJC_MSGSEND = YES;
				GCC_C_LANGUAGE_STANDARD = gnu11;
				GCC_NO_COMMON_BLOCKS = YES;
				GCC_WARN_64_TO_32_BIT_CONVERSION = YES;
				GCC_WARN_ABOUT_RETURN_TYPE = YES_ERROR;
				GCC_WARN_UNDECLARED_SELECTOR = YES;
				GCC_WARN_UNINITIALIZED_AUTOS = YES_AGGRESSIVE;
				GCC_WARN_UNUSED_FUNCTION = YES;
				GCC_WARN_UNUSED_VARIABLE = YES;
				IPHONEOS_DEPLOYMENT_TARGET = 13.2;
				MTL_ENABLE_DEBUG_INFO = NO;
				MTL_FAST_MATH = YES;
				SDKROOT = iphoneos;
				SWIFT_COMPILATION_MODE = wholemodule;
				SWIFT_OPTIMIZATION_LEVEL = "-O";
				VALIDATE_PRODUCT = YES;
			};
			name = Release;
		};
		BF55745023E49F4A007959B2 /* Debug */ = {
			isa = XCBuildConfiguration;
			buildSettings = {
				ASSETCATALOG_COMPILER_APPICON_NAME = AppIcon;
				CODE_SIGN_STYLE = Automatic;
				DEVELOPMENT_TEAM = A3H2F8CC68;
				INFOPLIST_FILE = "Forms-CoreData-Demo/Info.plist";
				LD_RUNPATH_SEARCH_PATHS = (
					"$(inherited)",
					"@executable_path/Frameworks",
				);
				PRODUCT_BUNDLE_IDENTIFIER = "com.pankajgaikar.Forms-CoreData-Demo";
				PRODUCT_NAME = "$(TARGET_NAME)";
				SWIFT_VERSION = 5.0;
				TARGETED_DEVICE_FAMILY = "1,2";
			};
			name = Debug;
		};
		BF55745123E49F4A007959B2 /* Release */ = {
			isa = XCBuildConfiguration;
			buildSettings = {
				ASSETCATALOG_COMPILER_APPICON_NAME = AppIcon;
				CODE_SIGN_STYLE = Automatic;
				DEVELOPMENT_TEAM = A3H2F8CC68;
				INFOPLIST_FILE = "Forms-CoreData-Demo/Info.plist";
				LD_RUNPATH_SEARCH_PATHS = (
					"$(inherited)",
					"@executable_path/Frameworks",
				);
				PRODUCT_BUNDLE_IDENTIFIER = "com.pankajgaikar.Forms-CoreData-Demo";
				PRODUCT_NAME = "$(TARGET_NAME)";
				SWIFT_VERSION = 5.0;
				TARGETED_DEVICE_FAMILY = "1,2";
			};
			name = Release;
		};
		BF55745323E49F4A007959B2 /* Debug */ = {
			isa = XCBuildConfiguration;
			buildSettings = {
				ALWAYS_EMBED_SWIFT_STANDARD_LIBRARIES = YES;
				BUNDLE_LOADER = "$(TEST_HOST)";
				CODE_SIGN_STYLE = Automatic;
				DEVELOPMENT_TEAM = A3H2F8CC68;
				INFOPLIST_FILE = "Forms-CoreData-DemoTests/Info.plist";
				IPHONEOS_DEPLOYMENT_TARGET = 13.2;
				LD_RUNPATH_SEARCH_PATHS = (
					"$(inherited)",
					"@executable_path/Frameworks",
					"@loader_path/Frameworks",
				);
				PRODUCT_BUNDLE_IDENTIFIER = "com.pankajgaikar.Forms-CoreData-DemoTests";
				PRODUCT_NAME = "$(TARGET_NAME)";
				SWIFT_VERSION = 5.0;
				TARGETED_DEVICE_FAMILY = "1,2";
				TEST_HOST = "$(BUILT_PRODUCTS_DIR)/Forms-CoreData-Demo.app/Forms-CoreData-Demo";
			};
			name = Debug;
		};
		BF55745423E49F4A007959B2 /* Release */ = {
			isa = XCBuildConfiguration;
			buildSettings = {
				ALWAYS_EMBED_SWIFT_STANDARD_LIBRARIES = YES;
				BUNDLE_LOADER = "$(TEST_HOST)";
				CODE_SIGN_STYLE = Automatic;
				DEVELOPMENT_TEAM = A3H2F8CC68;
				INFOPLIST_FILE = "Forms-CoreData-DemoTests/Info.plist";
				IPHONEOS_DEPLOYMENT_TARGET = 13.2;
				LD_RUNPATH_SEARCH_PATHS = (
					"$(inherited)",
					"@executable_path/Frameworks",
					"@loader_path/Frameworks",
				);
				PRODUCT_BUNDLE_IDENTIFIER = "com.pankajgaikar.Forms-CoreData-DemoTests";
				PRODUCT_NAME = "$(TARGET_NAME)";
				SWIFT_VERSION = 5.0;
				TARGETED_DEVICE_FAMILY = "1,2";
				TEST_HOST = "$(BUILT_PRODUCTS_DIR)/Forms-CoreData-Demo.app/Forms-CoreData-Demo";
			};
			name = Release;
		};
		BF55745623E49F4A007959B2 /* Debug */ = {
			isa = XCBuildConfiguration;
			buildSettings = {
				ALWAYS_EMBED_SWIFT_STANDARD_LIBRARIES = YES;
				CODE_SIGN_STYLE = Automatic;
				DEVELOPMENT_TEAM = A3H2F8CC68;
				INFOPLIST_FILE = "Forms-CoreData-DemoUITests/Info.plist";
				LD_RUNPATH_SEARCH_PATHS = (
					"$(inherited)",
					"@executable_path/Frameworks",
					"@loader_path/Frameworks",
				);
				PRODUCT_BUNDLE_IDENTIFIER = "com.pankajgaikar.Forms-CoreData-DemoUITests";
				PRODUCT_NAME = "$(TARGET_NAME)";
				SWIFT_VERSION = 5.0;
				TARGETED_DEVICE_FAMILY = "1,2";
				TEST_TARGET_NAME = "Forms-CoreData-Demo";
			};
			name = Debug;
		};
		BF55745723E49F4A007959B2 /* Release */ = {
			isa = XCBuildConfiguration;
			buildSettings = {
				ALWAYS_EMBED_SWIFT_STANDARD_LIBRARIES = YES;
				CODE_SIGN_STYLE = Automatic;
				DEVELOPMENT_TEAM = A3H2F8CC68;
				INFOPLIST_FILE = "Forms-CoreData-DemoUITests/Info.plist";
				LD_RUNPATH_SEARCH_PATHS = (
					"$(inherited)",
					"@executable_path/Frameworks",
					"@loader_path/Frameworks",
				);
				PRODUCT_BUNDLE_IDENTIFIER = "com.pankajgaikar.Forms-CoreData-DemoUITests";
				PRODUCT_NAME = "$(TARGET_NAME)";
				SWIFT_VERSION = 5.0;
				TARGETED_DEVICE_FAMILY = "1,2";
				TEST_TARGET_NAME = "Forms-CoreData-Demo";
			};
			name = Release;
		};
/* End XCBuildConfiguration section */

/* Begin XCConfigurationList section */
		BF55741D23E49F43007959B2 /* Build configuration list for PBXProject "Forms-CoreData-Demo" */ = {
			isa = XCConfigurationList;
			buildConfigurations = (
				BF55744D23E49F4A007959B2 /* Debug */,
				BF55744E23E49F4A007959B2 /* Release */,
			);
			defaultConfigurationIsVisible = 0;
			defaultConfigurationName = Release;
		};
		BF55744F23E49F4A007959B2 /* Build configuration list for PBXNativeTarget "Forms-CoreData-Demo" */ = {
			isa = XCConfigurationList;
			buildConfigurations = (
				BF55745023E49F4A007959B2 /* Debug */,
				BF55745123E49F4A007959B2 /* Release */,
			);
			defaultConfigurationIsVisible = 0;
			defaultConfigurationName = Release;
		};
		BF55745223E49F4A007959B2 /* Build configuration list for PBXNativeTarget "Forms-CoreData-DemoTests" */ = {
			isa = XCConfigurationList;
			buildConfigurations = (
				BF55745323E49F4A007959B2 /* Debug */,
				BF55745423E49F4A007959B2 /* Release */,
			);
			defaultConfigurationIsVisible = 0;
			defaultConfigurationName = Release;
		};
		BF55745523E49F4A007959B2 /* Build configuration list for PBXNativeTarget "Forms-CoreData-DemoUITests" */ = {
			isa = XCConfigurationList;
			buildConfigurations = (
				BF55745623E49F4A007959B2 /* Debug */,
				BF55745723E49F4A007959B2 /* Release */,
			);
			defaultConfigurationIsVisible = 0;
			defaultConfigurationName = Release;
		};
/* End XCConfigurationList section */

/* Begin XCVersionGroup section */
		BF55742E23E49F43007959B2 /* Forms_CoreData_Demo.xcdatamodeld */ = {
			isa = XCVersionGroup;
			children = (
				BF55742F23E49F43007959B2 /* Forms_CoreData_Demo.xcdatamodel */,
			);
			currentVersion = BF55742F23E49F43007959B2 /* Forms_CoreData_Demo.xcdatamodel */;
			path = Forms_CoreData_Demo.xcdatamodeld;
			sourceTree = "<group>";
			versionGroupType = wrapper.xcdatamodel;
		};
/* End XCVersionGroup section */
	};
	rootObject = BF55741A23E49F43007959B2 /* Project object */;
}
